// !$*UTF8*$!
{
	archiveVersion = 1;
	classes = {
	};
	objectVersion = 50;
	objects = {

/* Begin PBXBuildFile section */
		D21BA370213735C1000AA7F9 /* ColladaNode.swift in Sources */ = {isa = PBXBuildFile; fileRef = D21BA36F213735C1000AA7F9 /* ColladaNode.swift */; };
		D21BA37321375BC2000AA7F9 /* SCNNode.swift in Sources */ = {isa = PBXBuildFile; fileRef = D21BA37221375BC2000AA7F9 /* SCNNode.swift */; };
		D23125542135C2DB00B15DEA /* AppDelegate.swift in Sources */ = {isa = PBXBuildFile; fileRef = D23125532135C2DB00B15DEA /* AppDelegate.swift */; };
		D23125562135C2DB00B15DEA /* art.scnassets in Resources */ = {isa = PBXBuildFile; fileRef = D23125552135C2DB00B15DEA /* art.scnassets */; };
		D23125582135C2DB00B15DEA /* ViewController.swift in Sources */ = {isa = PBXBuildFile; fileRef = D23125572135C2DB00B15DEA /* ViewController.swift */; };
		D231255B2135C2DB00B15DEA /* Main.storyboard in Resources */ = {isa = PBXBuildFile; fileRef = D23125592135C2DB00B15DEA /* Main.storyboard */; };
		D231255D2135C2DC00B15DEA /* Assets.xcassets in Resources */ = {isa = PBXBuildFile; fileRef = D231255C2135C2DC00B15DEA /* Assets.xcassets */; };
		D23125602135C2DC00B15DEA /* LaunchScreen.storyboard in Resources */ = {isa = PBXBuildFile; fileRef = D231255E2135C2DC00B15DEA /* LaunchScreen.storyboard */; };
		D23125882135F01800B15DEA /* StickLeaf01.png in Resources */ = {isa = PBXBuildFile; fileRef = D23125782135F01800B15DEA /* StickLeaf01.png */; };
		D23125892135F01800B15DEA /* StickLeaf02.png in Resources */ = {isa = PBXBuildFile; fileRef = D23125792135F01800B15DEA /* StickLeaf02.png */; };
		D231258A2135F01800B15DEA /* FitLucas_Wear.png in Resources */ = {isa = PBXBuildFile; fileRef = D231257A2135F01800B15DEA /* FitLucas_Wear.png */; };
		D231258B2135F01800B15DEA /* FitLucas_Face.png in Resources */ = {isa = PBXBuildFile; fileRef = D231257B2135F01800B15DEA /* FitLucas_Face.png */; };
		D231258C2135F01800B15DEA /* Stick02.png in Resources */ = {isa = PBXBuildFile; fileRef = D231257C2135F01800B15DEA /* Stick02.png */; };
		D231258D2135F01800B15DEA /* FitLucas_EyeYellow.01.png in Resources */ = {isa = PBXBuildFile; fileRef = D231257D2135F01800B15DEA /* FitLucas_EyeYellow.01.png */; };
		D231258E2135F01800B15DEA /* FitLucas_EyeYellow.00.png in Resources */ = {isa = PBXBuildFile; fileRef = D231257E2135F01800B15DEA /* FitLucas_EyeYellow.00.png */; };
		D231258F2135F01800B15DEA /* FitLucas_EyeYellow.02.png in Resources */ = {isa = PBXBuildFile; fileRef = D231257F2135F01800B15DEA /* FitLucas_EyeYellow.02.png */; };
		D23125902135F01800B15DEA /* FitLucas_Hair.png in Resources */ = {isa = PBXBuildFile; fileRef = D23125802135F01800B15DEA /* FitLucas_Hair.png */; };
		D23125912135F01800B15DEA /* FitLucas_EyeYellow.03.png in Resources */ = {isa = PBXBuildFile; fileRef = D23125812135F01800B15DEA /* FitLucas_EyeYellow.03.png */; };
		D23125922135F01800B15DEA /* FitLucas_Eye.00.png in Resources */ = {isa = PBXBuildFile; fileRef = D23125822135F01800B15DEA /* FitLucas_Eye.00.png */; };
		D23125932135F01800B15DEA /* FitLucas_Eye.01.png in Resources */ = {isa = PBXBuildFile; fileRef = D23125832135F01800B15DEA /* FitLucas_Eye.01.png */; };
		D23125942135F01800B15DEA /* Stick.png in Resources */ = {isa = PBXBuildFile; fileRef = D23125842135F01800B15DEA /* Stick.png */; };
		D23125952135F01800B15DEA /* FitLucas_Eye.03.png in Resources */ = {isa = PBXBuildFile; fileRef = D23125852135F01800B15DEA /* FitLucas_Eye.03.png */; };
		D23125962135F01800B15DEA /* FitLucas_Eye.02.png in Resources */ = {isa = PBXBuildFile; fileRef = D23125862135F01800B15DEA /* FitLucas_Eye.02.png */; };
		D23125972135F01800B15DEA /* FitLucas00out.dae in Resources */ = {isa = PBXBuildFile; fileRef = D23125872135F01800B15DEA /* FitLucas00out.dae */; };
/* End PBXBuildFile section */

/* Begin PBXFileReference section */
		D21BA36F213735C1000AA7F9 /* ColladaNode.swift */ = {isa = PBXFileReference; lastKnownFileType = sourcecode.swift; path = ColladaNode.swift; sourceTree = "<group>"; };
		D21BA37221375BC2000AA7F9 /* SCNNode.swift */ = {isa = PBXFileReference; lastKnownFileType = sourcecode.swift; path = SCNNode.swift; sourceTree = "<group>"; };
		D23125502135C2DB00B15DEA /* ARAugust.app */ = {isa = PBXFileReference; explicitFileType = wrapper.application; includeInIndex = 0; path = ARAugust.app; sourceTree = BUILT_PRODUCTS_DIR; };
		D23125532135C2DB00B15DEA /* AppDelegate.swift */ = {isa = PBXFileReference; lastKnownFileType = sourcecode.swift; path = AppDelegate.swift; sourceTree = "<group>"; };
		D23125552135C2DB00B15DEA /* art.scnassets */ = {isa = PBXFileReference; lastKnownFileType = wrapper.scnassets; path = art.scnassets; sourceTree = "<group>"; };
		D23125572135C2DB00B15DEA /* ViewController.swift */ = {isa = PBXFileReference; lastKnownFileType = sourcecode.swift; path = ViewController.swift; sourceTree = "<group>"; };
		D231255A2135C2DB00B15DEA /* Base */ = {isa = PBXFileReference; lastKnownFileType = file.storyboard; name = Base; path = Base.lproj/Main.storyboard; sourceTree = "<group>"; };
		D231255C2135C2DC00B15DEA /* Assets.xcassets */ = {isa = PBXFileReference; lastKnownFileType = folder.assetcatalog; path = Assets.xcassets; sourceTree = "<group>"; };
		D231255F2135C2DC00B15DEA /* Base */ = {isa = PBXFileReference; lastKnownFileType = file.storyboard; name = Base; path = Base.lproj/LaunchScreen.storyboard; sourceTree = "<group>"; };
		D23125612135C2DC00B15DEA /* Info.plist */ = {isa = PBXFileReference; lastKnownFileType = text.plist.xml; path = Info.plist; sourceTree = "<group>"; };
		D23125782135F01800B15DEA /* StickLeaf01.png */ = {isa = PBXFileReference; lastKnownFileType = image.png; path = StickLeaf01.png; sourceTree = "<group>"; };
		D23125792135F01800B15DEA /* StickLeaf02.png */ = {isa = PBXFileReference; lastKnownFileType = image.png; path = StickLeaf02.png; sourceTree = "<group>"; };
		D231257A2135F01800B15DEA /* FitLucas_Wear.png */ = {isa = PBXFileReference; lastKnownFileType = image.png; path = FitLucas_Wear.png; sourceTree = "<group>"; };
		D231257B2135F01800B15DEA /* FitLucas_Face.png */ = {isa = PBXFileReference; lastKnownFileType = image.png; path = FitLucas_Face.png; sourceTree = "<group>"; };
		D231257C2135F01800B15DEA /* Stick02.png */ = {isa = PBXFileReference; lastKnownFileType = image.png; path = Stick02.png; sourceTree = "<group>"; };
		D231257D2135F01800B15DEA /* FitLucas_EyeYellow.01.png */ = {isa = PBXFileReference; lastKnownFileType = image.png; path = FitLucas_EyeYellow.01.png; sourceTree = "<group>"; };
		D231257E2135F01800B15DEA /* FitLucas_EyeYellow.00.png */ = {isa = PBXFileReference; lastKnownFileType = image.png; path = FitLucas_EyeYellow.00.png; sourceTree = "<group>"; };
		D231257F2135F01800B15DEA /* FitLucas_EyeYellow.02.png */ = {isa = PBXFileReference; lastKnownFileType = image.png; path = FitLucas_EyeYellow.02.png; sourceTree = "<group>"; };
		D23125802135F01800B15DEA /* FitLucas_Hair.png */ = {isa = PBXFileReference; lastKnownFileType = image.png; path = FitLucas_Hair.png; sourceTree = "<group>"; };
		D23125812135F01800B15DEA /* FitLucas_EyeYellow.03.png */ = {isa = PBXFileReference; lastKnownFileType = image.png; path = FitLucas_EyeYellow.03.png; sourceTree = "<group>"; };
		D23125822135F01800B15DEA /* FitLucas_Eye.00.png */ = {isa = PBXFileReference; lastKnownFileType = image.png; path = FitLucas_Eye.00.png; sourceTree = "<group>"; };
		D23125832135F01800B15DEA /* FitLucas_Eye.01.png */ = {isa = PBXFileReference; lastKnownFileType = image.png; path = FitLucas_Eye.01.png; sourceTree = "<group>"; };
		D23125842135F01800B15DEA /* Stick.png */ = {isa = PBXFileReference; lastKnownFileType = image.png; path = Stick.png; sourceTree = "<group>"; };
		D23125852135F01800B15DEA /* FitLucas_Eye.03.png */ = {isa = PBXFileReference; lastKnownFileType = image.png; path = FitLucas_Eye.03.png; sourceTree = "<group>"; };
		D23125862135F01800B15DEA /* FitLucas_Eye.02.png */ = {isa = PBXFileReference; lastKnownFileType = image.png; path = FitLucas_Eye.02.png; sourceTree = "<group>"; };
		D23125872135F01800B15DEA /* FitLucas00out.dae */ = {isa = PBXFileReference; fileEncoding = 4; lastKnownFileType = text.xml.dae; path = FitLucas00out.dae; sourceTree = "<group>"; };
/* End PBXFileReference section */

/* Begin PBXFrameworksBuildPhase section */
		D231254D2135C2DB00B15DEA /* Frameworks */ = {
			isa = PBXFrameworksBuildPhase;
			buildActionMask = 2147483647;
			files = (
			);
			runOnlyForDeploymentPostprocessing = 0;
		};
/* End PBXFrameworksBuildPhase section */

/* Begin PBXGroup section */
		D21BA37121375BAF000AA7F9 /* extensions */ = {
			isa = PBXGroup;
			children = (
				D21BA37221375BC2000AA7F9 /* SCNNode.swift */,
			);
			path = extensions;
			sourceTree = "<group>";
		};
		D23125472135C2DB00B15DEA = {
			isa = PBXGroup;
			children = (
				D23125522135C2DB00B15DEA /* ARAugust */,
				D23125512135C2DB00B15DEA /* Products */,
			);
			sourceTree = "<group>";
		};
		D23125512135C2DB00B15DEA /* Products */ = {
			isa = PBXGroup;
			children = (
				D23125502135C2DB00B15DEA /* ARAugust.app */,
			);
			name = Products;
			sourceTree = "<group>";
		};
		D23125522135C2DB00B15DEA /* ARAugust */ = {
			isa = PBXGroup;
			children = (
				D21BA37121375BAF000AA7F9 /* extensions */,
				D23125532135C2DB00B15DEA /* AppDelegate.swift */,
				D23125772135F01800B15DEA /* models */,
				D23125552135C2DB00B15DEA /* art.scnassets */,
				D23125572135C2DB00B15DEA /* ViewController.swift */,
				D21BA36F213735C1000AA7F9 /* ColladaNode.swift */,
				D23125592135C2DB00B15DEA /* Main.storyboard */,
				D231255C2135C2DC00B15DEA /* Assets.xcassets */,
				D231255E2135C2DC00B15DEA /* LaunchScreen.storyboard */,
				D23125612135C2DC00B15DEA /* Info.plist */,
			);
			path = ARAugust;
			sourceTree = "<group>";
		};
		D23125772135F01800B15DEA /* models */ = {
			isa = PBXGroup;
			children = (
				D23125782135F01800B15DEA /* StickLeaf01.png */,
				D23125792135F01800B15DEA /* StickLeaf02.png */,
				D231257A2135F01800B15DEA /* FitLucas_Wear.png */,
				D231257B2135F01800B15DEA /* FitLucas_Face.png */,
				D231257C2135F01800B15DEA /* Stick02.png */,
				D231257D2135F01800B15DEA /* FitLucas_EyeYellow.01.png */,
				D231257E2135F01800B15DEA /* FitLucas_EyeYellow.00.png */,
				D231257F2135F01800B15DEA /* FitLucas_EyeYellow.02.png */,
				D23125802135F01800B15DEA /* FitLucas_Hair.png */,
				D23125812135F01800B15DEA /* FitLucas_EyeYellow.03.png */,
				D23125822135F01800B15DEA /* FitLucas_Eye.00.png */,
				D23125832135F01800B15DEA /* FitLucas_Eye.01.png */,
				D23125842135F01800B15DEA /* Stick.png */,
				D23125852135F01800B15DEA /* FitLucas_Eye.03.png */,
				D23125862135F01800B15DEA /* FitLucas_Eye.02.png */,
				D23125872135F01800B15DEA /* FitLucas00out.dae */,
			);
			name = models;
			path = Resources/models;
			sourceTree = SOURCE_ROOT;
		};
/* End PBXGroup section */

/* Begin PBXNativeTarget section */
		D231254F2135C2DB00B15DEA /* ARAugust */ = {
			isa = PBXNativeTarget;
			buildConfigurationList = D23125642135C2DC00B15DEA /* Build configuration list for PBXNativeTarget "ARAugust" */;
			buildPhases = (
				D231254C2135C2DB00B15DEA /* Sources */,
				D231254D2135C2DB00B15DEA /* Frameworks */,
				D231254E2135C2DB00B15DEA /* Resources */,
			);
			buildRules = (
			);
			dependencies = (
			);
			name = ARAugust;
			productName = ARAugust;
			productReference = D23125502135C2DB00B15DEA /* ARAugust.app */;
			productType = "com.apple.product-type.application";
		};
/* End PBXNativeTarget section */

/* Begin PBXProject section */
		D23125482135C2DB00B15DEA /* Project object */ = {
			isa = PBXProject;
			attributes = {
				LastSwiftUpdateCheck = 0940;
				LastUpgradeCheck = 0940;
				ORGANIZATIONNAME = "Matthew Chiang";
				TargetAttributes = {
					D231254F2135C2DB00B15DEA = {
						CreatedOnToolsVersion = 9.4.1;
					};
				};
			};
			buildConfigurationList = D231254B2135C2DB00B15DEA /* Build configuration list for PBXProject "ARAugust" */;
			compatibilityVersion = "Xcode 9.3";
			developmentRegion = en;
			hasScannedForEncodings = 0;
			knownRegions = (
				en,
				Base,
			);
			mainGroup = D23125472135C2DB00B15DEA;
			productRefGroup = D23125512135C2DB00B15DEA /* Products */;
			projectDirPath = "";
			projectRoot = "";
			targets = (
				D231254F2135C2DB00B15DEA /* ARAugust */,
			);
		};
/* End PBXProject section */

/* Begin PBXResourcesBuildPhase section */
		D231254E2135C2DB00B15DEA /* Resources */ = {
			isa = PBXResourcesBuildPhase;
			buildActionMask = 2147483647;
			files = (
				D23125972135F01800B15DEA /* FitLucas00out.dae in Resources */,
				D23125962135F01800B15DEA /* FitLucas_Eye.02.png in Resources */,
				D23125952135F01800B15DEA /* FitLucas_Eye.03.png in Resources */,
				D231258D2135F01800B15DEA /* FitLucas_EyeYellow.01.png in Resources */,
				D23125942135F01800B15DEA /* Stick.png in Resources */,
				D231258C2135F01800B15DEA /* Stick02.png in Resources */,
				D23125932135F01800B15DEA /* FitLucas_Eye.01.png in Resources */,
				D23125562135C2DB00B15DEA /* art.scnassets in Resources */,
				D23125922135F01800B15DEA /* FitLucas_Eye.00.png in Resources */,
				D23125882135F01800B15DEA /* StickLeaf01.png in Resources */,
				D23125602135C2DC00B15DEA /* LaunchScreen.storyboard in Resources */,
				D231258F2135F01800B15DEA /* FitLucas_EyeYellow.02.png in Resources */,
				D231258A2135F01800B15DEA /* FitLucas_Wear.png in Resources */,
				D231258E2135F01800B15DEA /* FitLucas_EyeYellow.00.png in Resources */,
				D231255D2135C2DC00B15DEA /* Assets.xcassets in Resources */,
				D231258B2135F01800B15DEA /* FitLucas_Face.png in Resources */,
				D23125912135F01800B15DEA /* FitLucas_EyeYellow.03.png in Resources */,
				D23125892135F01800B15DEA /* StickLeaf02.png in Resources */,
				D231255B2135C2DB00B15DEA /* Main.storyboard in Resources */,
				D23125902135F01800B15DEA /* FitLucas_Hair.png in Resources */,
			);
			runOnlyForDeploymentPostprocessing = 0;
		};
/* End PBXResourcesBuildPhase section */

/* Begin PBXSourcesBuildPhase section */
		D231254C2135C2DB00B15DEA /* Sources */ = {
			isa = PBXSourcesBuildPhase;
			buildActionMask = 2147483647;
			files = (
				D23125582135C2DB00B15DEA /* ViewController.swift in Sources */,
				D23125542135C2DB00B15DEA /* AppDelegate.swift in Sources */,
				D21BA37321375BC2000AA7F9 /* SCNNode.swift in Sources */,
				D21BA370213735C1000AA7F9 /* ColladaNode.swift in Sources */,
			);
			runOnlyForDeploymentPostprocessing = 0;
		};
/* End PBXSourcesBuildPhase section */

/* Begin PBXVariantGroup section */
		D23125592135C2DB00B15DEA /* Main.storyboard */ = {
			isa = PBXVariantGroup;
			children = (
				D231255A2135C2DB00B15DEA /* Base */,
			);
			name = Main.storyboard;
			sourceTree = "<group>";
		};
		D231255E2135C2DC00B15DEA /* LaunchScreen.storyboard */ = {
			isa = PBXVariantGroup;
			children = (
				D231255F2135C2DC00B15DEA /* Base */,
			);
			name = LaunchScreen.storyboard;
			sourceTree = "<group>";
		};
/* End PBXVariantGroup section */

/* Begin XCBuildConfiguration section */
		D23125622135C2DC00B15DEA /* Debug */ = {
			isa = XCBuildConfiguration;
			buildSettings = {
				ALWAYS_SEARCH_USER_PATHS = NO;
				CLANG_ANALYZER_NONNULL = YES;
				CLANG_ANALYZER_NUMBER_OBJECT_CONVERSION = YES_AGGRESSIVE;
				CLANG_CXX_LANGUAGE_STANDARD = "gnu++14";
				CLANG_CXX_LIBRARY = "libc++";
				CLANG_ENABLE_MODULES = YES;
				CLANG_ENABLE_OBJC_ARC = YES;
				CLANG_ENABLE_OBJC_WEAK = YES;
				CLANG_WARN_BLOCK_CAPTURE_AUTORELEASING = YES;
				CLANG_WARN_BOOL_CONVERSION = YES;
				CLANG_WARN_COMMA = YES;
				CLANG_WARN_CONSTANT_CONVERSION = YES;
				CLANG_WARN_DEPRECATED_OBJC_IMPLEMENTATIONS = YES;
				CLANG_WARN_DIRECT_OBJC_ISA_USAGE = YES_ERROR;
				CLANG_WARN_DOCUMENTATION_COMMENTS = YES;
				CLANG_WARN_EMPTY_BODY = YES;
				CLANG_WARN_ENUM_CONVERSION = YES;
				CLANG_WARN_INFINITE_RECURSION = YES;
				CLANG_WARN_INT_CONVERSION = YES;
				CLANG_WARN_NON_LITERAL_NULL_CONVERSION = YES;
				CLANG_WARN_OBJC_IMPLICIT_RETAIN_SELF = YES;
				CLANG_WARN_OBJC_LITERAL_CONVERSION = YES;
				CLANG_WARN_OBJC_ROOT_CLASS = YES_ERROR;
				CLANG_WARN_RANGE_LOOP_ANALYSIS = YES;
				CLANG_WARN_STRICT_PROTOTYPES = YES;
				CLANG_WARN_SUSPICIOUS_MOVE = YES;
				CLANG_WARN_UNGUARDED_AVAILABILITY = YES_AGGRESSIVE;
				CLANG_WARN_UNREACHABLE_CODE = YES;
				CLANG_WARN__DUPLICATE_METHOD_MATCH = YES;
				CODE_SIGN_IDENTITY = "iPhone Developer";
				COPY_PHASE_STRIP = NO;
				DEBUG_INFORMATION_FORMAT = dwarf;
				ENABLE_STRICT_OBJC_MSGSEND = YES;
				ENABLE_TESTABILITY = YES;
				GCC_C_LANGUAGE_STANDARD = gnu11;
				GCC_DYNAMIC_NO_PIC = NO;
				GCC_NO_COMMON_BLOCKS = YES;
				GCC_OPTIMIZATION_LEVEL = 0;
				GCC_PREPROCESSOR_DEFINITIONS = (
					"DEBUG=1",
					"$(inherited)",
				);
				GCC_WARN_64_TO_32_BIT_CONVERSION = YES;
				GCC_WARN_ABOUT_RETURN_TYPE = YES_ERROR;
				GCC_WARN_UNDECLARED_SELECTOR = YES;
				GCC_WARN_UNINITIALIZED_AUTOS = YES_AGGRESSIVE;
				GCC_WARN_UNUSED_FUNCTION = YES;
				GCC_WARN_UNUSED_VARIABLE = YES;
				IPHONEOS_DEPLOYMENT_TARGET = 11.4;
				MTL_ENABLE_DEBUG_INFO = YES;
				ONLY_ACTIVE_ARCH = YES;
				SDKROOT = iphoneos;
				SWIFT_ACTIVE_COMPILATION_CONDITIONS = DEBUG;
				SWIFT_OPTIMIZATION_LEVEL = "-Onone";
			};
			name = Debug;
		};
		D23125632135C2DC00B15DEA /* Release */ = {
			isa = XCBuildConfiguration;
			buildSettings = {
				ALWAYS_SEARCH_USER_PATHS = NO;
				CLANG_ANALYZER_NONNULL = YES;
				CLANG_ANALYZER_NUMBER_OBJECT_CONVERSION = YES_AGGRESSIVE;
				CLANG_CXX_LANGUAGE_STANDARD = "gnu++14";
				CLANG_CXX_LIBRARY = "libc++";
				CLANG_ENABLE_MODULES = YES;
				CLANG_ENABLE_OBJC_ARC = YES;
				CLANG_ENABLE_OBJC_WEAK = YES;
				CLANG_WARN_BLOCK_CAPTURE_AUTORELEASING = YES;
				CLANG_WARN_BOOL_CONVERSION = YES;
				CLANG_WARN_COMMA = YES;
				CLANG_WARN_CONSTANT_CONVERSION = YES;
				CLANG_WARN_DEPRECATED_OBJC_IMPLEMENTATIONS = YES;
				CLANG_WARN_DIRECT_OBJC_ISA_USAGE = YES_ERROR;
				CLANG_WARN_DOCUMENTATION_COMMENTS = YES;
				CLANG_WARN_EMPTY_BODY = YES;
				CLANG_WARN_ENUM_CONVERSION = YES;
				CLANG_WARN_INFINITE_RECURSION = YES;
				CLANG_WARN_INT_CONVERSION = YES;
				CLANG_WARN_NON_LITERAL_NULL_CONVERSION = YES;
				CLANG_WARN_OBJC_IMPLICIT_RETAIN_SELF = YES;
				CLANG_WARN_OBJC_LITERAL_CONVERSION = YES;
				CLANG_WARN_OBJC_ROOT_CLASS = YES_ERROR;
				CLANG_WARN_RANGE_LOOP_ANALYSIS = YES;
				CLANG_WARN_STRICT_PROTOTYPES = YES;
				CLANG_WARN_SUSPICIOUS_MOVE = YES;
				CLANG_WARN_UNGUARDED_AVAILABILITY = YES_AGGRESSIVE;
				CLANG_WARN_UNREACHABLE_CODE = YES;
				CLANG_WARN__DUPLICATE_METHOD_MATCH = YES;
				CODE_SIGN_IDENTITY = "iPhone Developer";
				COPY_PHASE_STRIP = NO;
				DEBUG_INFORMATION_FORMAT = "dwarf-with-dsym";
				ENABLE_NS_ASSERTIONS = NO;
				ENABLE_STRICT_OBJC_MSGSEND = YES;
				GCC_C_LANGUAGE_STANDARD = gnu11;
				GCC_NO_COMMON_BLOCKS = YES;
				GCC_WARN_64_TO_32_BIT_CONVERSION = YES;
				GCC_WARN_ABOUT_RETURN_TYPE = YES_ERROR;
				GCC_WARN_UNDECLARED_SELECTOR = YES;
				GCC_WARN_UNINITIALIZED_AUTOS = YES_AGGRESSIVE;
				GCC_WARN_UNUSED_FUNCTION = YES;
				GCC_WARN_UNUSED_VARIABLE = YES;
				IPHONEOS_DEPLOYMENT_TARGET = 11.4;
				MTL_ENABLE_DEBUG_INFO = NO;
				SDKROOT = iphoneos;
				SWIFT_COMPILATION_MODE = wholemodule;
				SWIFT_OPTIMIZATION_LEVEL = "-O";
				VALIDATE_PRODUCT = YES;
			};
			name = Release;
		};
		D23125652135C2DC00B15DEA /* Debug */ = {
			isa = XCBuildConfiguration;
			buildSettings = {
				ASSETCATALOG_COMPILER_APPICON_NAME = AppIcon;
				CODE_SIGN_STYLE = Automatic;
				DEVELOPMENT_TEAM = P36BG58534;
				INFOPLIST_FILE = ARAugust/Info.plist;
				IPHONEOS_DEPLOYMENT_TARGET = 11.3;
				LD_RUNPATH_SEARCH_PATHS = (
					"$(inherited)",
					"@executable_path/Frameworks",
				);
				PRODUCT_BUNDLE_IDENTIFIER = com.gspsf.ARAugust;
				PRODUCT_NAME = "$(TARGET_NAME)";
				SWIFT_VERSION = 4.0;
				TARGETED_DEVICE_FAMILY = "1,2";
			};
			name = Debug;
		};
		D23125662135C2DC00B15DEA /* Release */ = {
			isa = XCBuildConfiguration;
			buildSettings = {
				ASSETCATALOG_COMPILER_APPICON_NAME = AppIcon;
				CODE_SIGN_STYLE = Automatic;
				DEVELOPMENT_TEAM = P36BG58534;
				INFOPLIST_FILE = ARAugust/Info.plist;
				IPHONEOS_DEPLOYMENT_TARGET = 11.3;
				LD_RUNPATH_SEARCH_PATHS = (
					"$(inherited)",
					"@executable_path/Frameworks",
				);
				PRODUCT_BUNDLE_IDENTIFIER = com.gspsf.ARAugust;
				PRODUCT_NAME = "$(TARGET_NAME)";
				SWIFT_VERSION = 4.0;
				TARGETED_DEVICE_FAMILY = "1,2";
			};
			name = Release;
		};
/* End XCBuildConfiguration section */

/* Begin XCConfigurationList section */
		D231254B2135C2DB00B15DEA /* Build configuration list for PBXProject "ARAugust" */ = {
			isa = XCConfigurationList;
			buildConfigurations = (
				D23125622135C2DC00B15DEA /* Debug */,
				D23125632135C2DC00B15DEA /* Release */,
			);
			defaultConfigurationIsVisible = 0;
			defaultConfigurationName = Release;
		};
		D23125642135C2DC00B15DEA /* Build configuration list for PBXNativeTarget "ARAugust" */ = {
			isa = XCConfigurationList;
			buildConfigurations = (
				D23125652135C2DC00B15DEA /* Debug */,
				D23125662135C2DC00B15DEA /* Release */,
			);
			defaultConfigurationIsVisible = 0;
			defaultConfigurationName = Release;
		};
/* End XCConfigurationList section */
	};
	rootObject = D23125482135C2DB00B15DEA /* Project object */;
}
